
Microsoft Visual Studio Solution File, Format Version 12.00
# Visual Studio Version 17
VisualStudioVersion = 17.6.33829.357
MinimumVisualStudioVersion = 10.0.40219.1
Project("{9A19103F-16F7-4668-BE54-9A1E7A4F7556}") = "database_communicator", "database_communicator.csproj", "{39176E76-6E00-4E94-A995-87280CA38487}"
EndProject
Project("{9A19103F-16F7-4668-BE54-9A1E7A4F7556}") = "database_communicator_Test", "..\database_comunicator.Test\database_communicator_Test.csproj", "{153E883E-2926-4C00-B1CE-DD8D3C329502}"
EndProject
Global
	GlobalSection(SolutionConfigurationPlatforms) = preSolution
		Debug|Any CPU = Debug|Any CPU
		Release|Any CPU = Release|Any CPU
	EndGlobalSection
	GlobalSection(ProjectConfigurationPlatforms) = postSolution
		{39176E76-6E00-4E94-A995-87280CA38487}.Debug|Any CPU.ActiveCfg = Debug|Any CPU
		{39176E76-6E00-4E94-A995-87280CA38487}.Debug|Any CPU.Build.0 = Debug|Any CPU
		{39176E76-6E00-4E94-A995-87280CA38487}.Release|Any CPU.ActiveCfg = Release|Any CPU
		{39176E76-6E00-4E94-A995-87280CA38487}.Release|Any CPU.Build.0 = Release|Any CPU
		{153E883E-2926-4C00-B1CE-DD8D3C329502}.Debug|Any CPU.ActiveCfg = Debug|Any CPU
		{153E883E-2926-4C00-B1CE-DD8D3C329502}.Debug|Any CPU.Build.0 = Debug|Any CPU
		{153E883E-2926-4C00-B1CE-DD8D3C329502}.Release|Any CPU.ActiveCfg = Release|Any CPU
		{153E883E-2926-4C00-B1CE-DD8D3C329502}.Release|Any CPU.Build.0 = Release|Any CPU
	EndGlobalSection
	GlobalSection(SolutionProperties) = preSolution
		HideSolutionNode = FALSE
	EndGlobalSection
	GlobalSection(ExtensibilityGlobals) = postSolution
		SolutionGuid = {00BE6980-AEFA-49D7-9320-EA3CD7F85457}
	EndGlobalSection
EndGlobal
